// !$*UTF8*$!
{
	archiveVersion = 1;
	classes = {
	};
	objectVersion = 50;
	objects = {

/* Begin PBXBuildFile section */
		92F0399723E1286400F39EDD /* AppDelegate.swift in Sources */ = {isa = PBXBuildFile; fileRef = 92F0399623E1286400F39EDD /* AppDelegate.swift */; };
		92F0399923E1286400F39EDD /* SceneDelegate.swift in Sources */ = {isa = PBXBuildFile; fileRef = 92F0399823E1286400F39EDD /* SceneDelegate.swift */; };
		92F0399E23E1286400F39EDD /* Main.storyboard in Resources */ = {isa = PBXBuildFile; fileRef = 92F0399C23E1286400F39EDD /* Main.storyboard */; };
		92F039A023E1286600F39EDD /* Assets.xcassets in Resources */ = {isa = PBXBuildFile; fileRef = 92F0399F23E1286600F39EDD /* Assets.xcassets */; };
		92F039A323E1286600F39EDD /* LaunchScreen.storyboard in Resources */ = {isa = PBXBuildFile; fileRef = 92F039A123E1286600F39EDD /* LaunchScreen.storyboard */; };
/* End PBXBuildFile section */

/* Begin PBXFileReference section */
		92F0399323E1286400F39EDD /* Rainbow (iOSPT5).app */ = {isa = PBXFileReference; explicitFileType = wrapper.application; includeInIndex = 0; path = "Rainbow (iOSPT5).app"; sourceTree = BUILT_PRODUCTS_DIR; };
		92F0399623E1286400F39EDD /* AppDelegate.swift */ = {isa = PBXFileReference; lastKnownFileType = sourcecode.swift; path = AppDelegate.swift; sourceTree = "<group>"; };
		92F0399823E1286400F39EDD /* SceneDelegate.swift */ = {isa = PBXFileReference; lastKnownFileType = sourcecode.swift; path = SceneDelegate.swift; sourceTree = "<group>"; };
		92F0399D23E1286400F39EDD /* Base */ = {isa = PBXFileReference; lastKnownFileType = file.storyboard; name = Base; path = Base.lproj/Main.storyboard; sourceTree = "<group>"; };
		92F0399F23E1286600F39EDD /* Assets.xcassets */ = {isa = PBXFileReference; lastKnownFileType = folder.assetcatalog; path = Assets.xcassets; sourceTree = "<group>"; };
		92F039A223E1286600F39EDD /* Base */ = {isa = PBXFileReference; lastKnownFileType = file.storyboard; name = Base; path = Base.lproj/LaunchScreen.storyboard; sourceTree = "<group>"; };
		92F039A423E1286600F39EDD /* Info.plist */ = {isa = PBXFileReference; lastKnownFileType = text.plist.xml; path = Info.plist; sourceTree = "<group>"; };
/* End PBXFileReference section */

/* Begin PBXFrameworksBuildPhase section */
		92F0399023E1286400F39EDD /* Frameworks */ = {
			isa = PBXFrameworksBuildPhase;
			buildActionMask = 2147483647;
			files = (
			);
			runOnlyForDeploymentPostprocessing = 0;
		};
/* End PBXFrameworksBuildPhase section */

/* Begin PBXGroup section */
		92F0398A23E1286400F39EDD = {
			isa = PBXGroup;
			children = (
				92F0399523E1286400F39EDD /* Rainbow (iOSPT5) */,
				92F0399423E1286400F39EDD /* Products */,
			);
			sourceTree = "<group>";
		};
		92F0399423E1286400F39EDD /* Products */ = {
			isa = PBXGroup;
			children = (
				92F0399323E1286400F39EDD /* Rainbow (iOSPT5).app */,
			);
			name = Products;
			sourceTree = "<group>";
		};
		92F0399523E1286400F39EDD /* Rainbow (iOSPT5) */ = {
			isa = PBXGroup;
			children = (
				92F039AD23E12D0D00F39EDD /* Model */,
				92F039AC23E12CC600F39EDD /* Views */,
				92F039AB23E12CAD00F39EDD /* View Controllers */,
				92F039AA23E12C0B00F39EDD /* Resources */,
				92F039A423E1286600F39EDD /* Info.plist */,
			);
			path = "Rainbow (iOSPT5)";
			sourceTree = "<group>";
		};
		92F039AA23E12C0B00F39EDD /* Resources */ = {
			isa = PBXGroup;
			children = (
				92F0399623E1286400F39EDD /* AppDelegate.swift */,
				92F0399823E1286400F39EDD /* SceneDelegate.swift */,
				92F0399F23E1286600F39EDD /* Assets.xcassets */,
				92F039A123E1286600F39EDD /* LaunchScreen.storyboard */,
			);
			path = Resources;
			sourceTree = "<group>";
		};
		92F039AB23E12CAD00F39EDD /* View Controllers */ = {
			isa = PBXGroup;
			children = (
			);
			path = "View Controllers";
			sourceTree = "<group>";
		};
		92F039AC23E12CC600F39EDD /* Views */ = {
			isa = PBXGroup;
			children = (
				92F0399C23E1286400F39EDD /* Main.storyboard */,
			);
			path = Views;
			sourceTree = "<group>";
		};
		92F039AD23E12D0D00F39EDD /* Model */ = {
			isa = PBXGroup;
			children = (
			);
			path = Model;
			sourceTree = "<group>";
		};
/* End PBXGroup section */

/* Begin PBXNativeTarget section */
		92F0399223E1286400F39EDD /* Rainbow (iOSPT5) */ = {
			isa = PBXNativeTarget;
			buildConfigurationList = 92F039A723E1286600F39EDD /* Build configuration list for PBXNativeTarget "Rainbow (iOSPT5)" */;
			buildPhases = (
				92F0398F23E1286400F39EDD /* Sources */,
				92F0399023E1286400F39EDD /* Frameworks */,
				92F0399123E1286400F39EDD /* Resources */,
			);
			buildRules = (
			);
			dependencies = (
			);
			name = "Rainbow (iOSPT5)";
			productName = "Rainbow (iOSPT5)";
			productReference = 92F0399323E1286400F39EDD /* Rainbow (iOSPT5).app */;
			productType = "com.apple.product-type.application";
		};
/* End PBXNativeTarget section */

/* Begin PBXProject section */
		92F0398B23E1286400F39EDD /* Project object */ = {
			isa = PBXProject;
			attributes = {
				LastSwiftUpdateCheck = 1130;
				LastUpgradeCheck = 1130;
				ORGANIZATIONNAME = Lambda_School_Loaner_246;
				TargetAttributes = {
					92F0399223E1286400F39EDD = {
						CreatedOnToolsVersion = 11.3.1;
					};
				};
			};
			buildConfigurationList = 92F0398E23E1286400F39EDD /* Build configuration list for PBXProject "Rainbow (iOSPT5)" */;
			compatibilityVersion = "Xcode 9.3";
			developmentRegion = en;
			hasScannedForEncodings = 0;
			knownRegions = (
				en,
				Base,
			);
			mainGroup = 92F0398A23E1286400F39EDD;
			productRefGroup = 92F0399423E1286400F39EDD /* Products */;
			projectDirPath = "";
			projectRoot = "";
			targets = (
				92F0399223E1286400F39EDD /* Rainbow (iOSPT5) */,
			);
		};
/* End PBXProject section */

/* Begin PBXResourcesBuildPhase section */
		92F0399123E1286400F39EDD /* Resources */ = {
			isa = PBXResourcesBuildPhase;
			buildActionMask = 2147483647;
			files = (
				92F039A323E1286600F39EDD /* LaunchScreen.storyboard in Resources */,
				92F039A023E1286600F39EDD /* Assets.xcassets in Resources */,
				92F0399E23E1286400F39EDD /* Main.storyboard in Resources */,
			);
			runOnlyForDeploymentPostprocessing = 0;
		};
/* End PBXResourcesBuildPhase section */

/* Begin PBXSourcesBuildPhase section */
		92F0398F23E1286400F39EDD /* Sources */ = {
			isa = PBXSourcesBuildPhase;
			buildActionMask = 2147483647;
			files = (
				92F0399723E1286400F39EDD /* AppDelegate.swift in Sources */,
				92F0399923E1286400F39EDD /* SceneDelegate.swift in Sources */,
			);
			runOnlyForDeploymentPostprocessing = 0;
		};
/* End PBXSourcesBuildPhase section */

/* Begin PBXVariantGroup section */
		92F0399C23E1286400F39EDD /* Main.storyboard */ = {
			isa = PBXVariantGroup;
			children = (
				92F0399D23E1286400F39EDD /* Base */,
			);
			name = Main.storyboard;
			sourceTree = "<group>";
		};
		92F039A123E1286600F39EDD /* LaunchScreen.storyboard */ = {
			isa = PBXVariantGroup;
			children = (
				92F039A223E1286600F39EDD /* Base */,
			);
			name = LaunchScreen.storyboard;
			sourceTree = "<group>";
		};
/* End PBXVariantGroup section */

/* Begin XCBuildConfiguration section */
		92F039A523E1286600F39EDD /* Debug */ = {
			isa = XCBuildConfiguration;
			buildSettings = {
				ALWAYS_SEARCH_USER_PATHS = NO;
				CLANG_ANALYZER_NONNULL = YES;
				CLANG_ANALYZER_NUMBER_OBJECT_CONVERSION = YES_AGGRESSIVE;
				CLANG_CXX_LANGUAGE_STANDARD = "gnu++14";
				CLANG_CXX_LIBRARY = "libc++";
				CLANG_ENABLE_MODULES = YES;
				CLANG_ENABLE_OBJC_ARC = YES;
				CLANG_ENABLE_OBJC_WEAK = YES;
				CLANG_WARN_BLOCK_CAPTURE_AUTORELEASING = YES;
				CLANG_WARN_BOOL_CONVERSION = YES;
				CLANG_WARN_COMMA = YES;
				CLANG_WARN_CONSTANT_CONVERSION = YES;
				CLANG_WARN_DEPRECATED_OBJC_IMPLEMENTATIONS = YES;
				CLANG_WARN_DIRECT_OBJC_ISA_USAGE = YES_ERROR;
				CLANG_WARN_DOCUMENTATION_COMMENTS = YES;
				CLANG_WARN_EMPTY_BODY = YES;
				CLANG_WARN_ENUM_CONVERSION = YES;
				CLANG_WARN_INFINITE_RECURSION = YES;
				CLANG_WARN_INT_CONVERSION = YES;
				CLANG_WARN_NON_LITERAL_NULL_CONVERSION = YES;
				CLANG_WARN_OBJC_IMPLICIT_RETAIN_SELF = YES;
				CLANG_WARN_OBJC_LITERAL_CONVERSION = YES;
				CLANG_WARN_OBJC_ROOT_CLASS = YES_ERROR;
				CLANG_WARN_RANGE_LOOP_ANALYSIS = YES;
				CLANG_WARN_STRICT_PROTOTYPES = YES;
				CLANG_WARN_SUSPICIOUS_MOVE = YES;
				CLANG_WARN_UNGUARDED_AVAILABILITY = YES_AGGRESSIVE;
				CLANG_WARN_UNREACHABLE_CODE = YES;
				CLANG_WARN__DUPLICATE_METHOD_MATCH = YES;
				COPY_PHASE_STRIP = NO;
				DEBUG_INFORMATION_FORMAT = dwarf;
				ENABLE_STRICT_OBJC_MSGSEND = YES;
				ENABLE_TESTABILITY = YES;
				GCC_C_LANGUAGE_STANDARD = gnu11;
				GCC_DYNAMIC_NO_PIC = NO;
				GCC_NO_COMMON_BLOCKS = YES;
				GCC_OPTIMIZATION_LEVEL = 0;
				GCC_PREPROCESSOR_DEFINITIONS = (
					"DEBUG=1",
					"$(inherited)",
				);
				GCC_WARN_64_TO_32_BIT_CONVERSION = YES;
				GCC_WARN_ABOUT_RETURN_TYPE = YES_ERROR;
				GCC_WARN_UNDECLARED_SELECTOR = YES;
				GCC_WARN_UNINITIALIZED_AUTOS = YES_AGGRESSIVE;
				GCC_WARN_UNUSED_FUNCTION = YES;
				GCC_WARN_UNUSED_VARIABLE = YES;
				IPHONEOS_DEPLOYMENT_TARGET = 13.2;
				MTL_ENABLE_DEBUG_INFO = INCLUDE_SOURCE;
				MTL_FAST_MATH = YES;
				ONLY_ACTIVE_ARCH = YES;
				SDKROOT = iphoneos;
				SWIFT_ACTIVE_COMPILATION_CONDITIONS = DEBUG;
				SWIFT_OPTIMIZATION_LEVEL = "-Onone";
			};
			name = Debug;
		};
		92F039A623E1286600F39EDD /* Release */ = {
			isa = XCBuildConfiguration;
			buildSettings = {
				ALWAYS_SEARCH_USER_PATHS = NO;
				CLANG_ANALYZER_NONNULL = YES;
				CLANG_ANALYZER_NUMBER_OBJECT_CONVERSION = YES_AGGRESSIVE;
				CLANG_CXX_LANGUAGE_STANDARD = "gnu++14";
				CLANG_CXX_LIBRARY = "libc++";
				CLANG_ENABLE_MODULES = YES;
				CLANG_ENABLE_OBJC_ARC = YES;
				CLANG_ENABLE_OBJC_WEAK = YES;
				CLANG_WARN_BLOCK_CAPTURE_AUTORELEASING = YES;
				CLANG_WARN_BOOL_CONVERSION = YES;
				CLANG_WARN_COMMA = YES;
				CLANG_WARN_CONSTANT_CONVERSION = YES;
				CLANG_WARN_DEPRECATED_OBJC_IMPLEMENTATIONS = YES;
				CLANG_WARN_DIRECT_OBJC_ISA_USAGE = YES_ERROR;
				CLANG_WARN_DOCUMENTATION_COMMENTS = YES;
				CLANG_WARN_EMPTY_BODY = YES;
				CLANG_WARN_ENUM_CONVERSION = YES;
				CLANG_WARN_INFINITE_RECURSION = YES;
				CLANG_WARN_INT_CONVERSION = YES;
				CLANG_WARN_NON_LITERAL_NULL_CONVERSION = YES;
				CLANG_WARN_OBJC_IMPLICIT_RETAIN_SELF = YES;
				CLANG_WARN_OBJC_LITERAL_CONVERSION = YES;
				CLANG_WARN_OBJC_ROOT_CLASS = YES_ERROR;
				CLANG_WARN_RANGE_LOOP_ANALYSIS = YES;
				CLANG_WARN_STRICT_PROTOTYPES = YES;
				CLANG_WARN_SUSPICIOUS_MOVE = YES;
				CLANG_WARN_UNGUARDED_AVAILABILITY = YES_AGGRESSIVE;
				CLANG_WARN_UNREACHABLE_CODE = YES;
				CLANG_WARN__DUPLICATE_METHOD_MATCH = YES;
				COPY_PHASE_STRIP = NO;
				DEBUG_INFORMATION_FORMAT = "dwarf-with-dsym";
				ENABLE_NS_ASSERTIONS = NO;
				ENABLE_STRICT_OBJC_MSGSEND = YES;
				GCC_C_LANGUAGE_STANDARD = gnu11;
				GCC_NO_COMMON_BLOCKS = YES;
				GCC_WARN_64_TO_32_BIT_CONVERSION = YES;
				GCC_WARN_ABOUT_RETURN_TYPE = YES_ERROR;
				GCC_WARN_UNDECLARED_SELECTOR = YES;
				GCC_WARN_UNINITIALIZED_AUTOS = YES_AGGRESSIVE;
				GCC_WARN_UNUSED_FUNCTION = YES;
				GCC_WARN_UNUSED_VARIABLE = YES;
				IPHONEOS_DEPLOYMENT_TARGET = 13.2;
				MTL_ENABLE_DEBUG_INFO = NO;
				MTL_FAST_MATH = YES;
				SDKROOT = iphoneos;
				SWIFT_COMPILATION_MODE = wholemodule;
				SWIFT_OPTIMIZATION_LEVEL = "-O";
				VALIDATE_PRODUCT = YES;
			};
			name = Release;
		};
		92F039A823E1286600F39EDD /* Debug */ = {
			isa = XCBuildConfiguration;
			buildSettings = {
				ASSETCATALOG_COMPILER_APPICON_NAME = AppIcon;
				CODE_SIGN_STYLE = Automatic;
				INFOPLIST_FILE = "Rainbow (iOSPT5)/Info.plist";
				LD_RUNPATH_SEARCH_PATHS = (
					"$(inherited)",
					"@executable_path/Frameworks",
				);
				PRODUCT_BUNDLE_IDENTIFIER = "com.trencadi.Rainbow--iOSPT5-";
				PRODUCT_NAME = "$(TARGET_NAME)";
				SWIFT_VERSION = 5.0;
				TARGETED_DEVICE_FAMILY = "1,2";
			};
			name = Debug;
		};
		92F039A923E1286600F39EDD /* Release */ = {
			isa = XCBuildConfiguration;
			buildSettings = {
				ASSETCATALOG_COMPILER_APPICON_NAME = AppIcon;
				CODE_SIGN_STYLE = Automatic;
				INFOPLIST_FILE = "Rainbow (iOSPT5)/Info.plist";
				LD_RUNPATH_SEARCH_PATHS = (
					"$(inherited)",
					"@executable_path/Frameworks",
				);
				PRODUCT_BUNDLE_IDENTIFIER = "com.trencadi.Rainbow--iOSPT5-";
				PRODUCT_NAME = "$(TARGET_NAME)";
				SWIFT_VERSION = 5.0;
				TARGETED_DEVICE_FAMILY = "1,2";
			};
			name = Release;
		};
/* End XCBuildConfiguration section */

/* Begin XCConfigurationList section */
		92F0398E23E1286400F39EDD /* Build configuration list for PBXProject "Rainbow (iOSPT5)" */ = {
			isa = XCConfigurationList;
			buildConfigurations = (
				92F039A523E1286600F39EDD /* Debug */,
				92F039A623E1286600F39EDD /* Release */,
			);
			defaultConfigurationIsVisible = 0;
			defaultConfigurationName = Release;
		};
		92F039A723E1286600F39EDD /* Build configuration list for PBXNativeTarget "Rainbow (iOSPT5)" */ = {
			isa = XCConfigurationList;
			buildConfigurations = (
				92F039A823E1286600F39EDD /* Debug */,
				92F039A923E1286600F39EDD /* Release */,
			);
			defaultConfigurationIsVisible = 0;
			defaultConfigurationName = Release;
		};
/* End XCConfigurationList section */
	};
	rootObject = 92F0398B23E1286400F39EDD /* Project object */;
}
